
Microsoft Visual Studio Solution File, Format Version 12.00
# Visual Studio Version 16
VisualStudioVersion = 16.0.29911.84
MinimumVisualStudioVersion = 10.0.40219.1
Project("{FAE04EC0-301F-11D3-BF4B-00C04F79EFBC}") = "MVVM_Demo", "MVVM_Demo.csproj", "{680F3B1A-B954-4A4F-A768-6F75110EBEEC}"
EndProject
Global
	GlobalSection(SolutionConfigurationPlatforms) = preSolution
		Debug|Any CPU = Debug|Any CPU
		Release|Any CPU = Release|Any CPU
	EndGlobalSection
	GlobalSection(ProjectConfigurationPlatforms) = postSolution
		{680F3B1A-B954-4A4F-A768-6F75110EBEEC}.Debug|Any CPU.ActiveCfg = Debug|Any CPU
		{680F3B1A-B954-4A4F-A768-6F75110EBEEC}.Debug|Any CPU.Build.0 = Debug|Any CPU
		{680F3B1A-B954-4A4F-A768-6F75110EBEEC}.Release|Any CPU.ActiveCfg = Release|Any CPU
		{680F3B1A-B954-4A4F-A768-6F75110EBEEC}.Release|Any CPU.Build.0 = Release|Any CPU
	EndGlobalSection
	GlobalSection(SolutionProperties) = preSolution
		HideSolutionNode = FALSE
	EndGlobalSection
	GlobalSection(ExtensibilityGlobals) = postSolution
		SolutionGuid = {1B1E0C34-934A-4FF0-B078-13D4F96267E4}
	EndGlobalSection
EndGlobal
